# This file is autogenerated, do not edit; changes may be undone by the next 'dep ensure'.


[[projects]]
  name = "github.com/aws/aws-sdk-go-v2"
  packages = [
    "aws",
    "aws/awserr",
    "aws/signer/v4",
    "internal/awsutil",
    "internal/sdk",
    "private/protocol",
    "private/protocol/query",
    "private/protocol/query/queryutil",
    "private/protocol/rest",
    "private/protocol/restxml",
    "private/protocol/xml",
    "private/protocol/xml/xmlutil",
    "service/s3",
    "service/s3/s3iface"
  ]
  revision = "946751c824084162af83a0084acf059385f79664"
  version = "v0.8.0"

[[projects]]
  name = "github.com/jmespath/go-jmespath"
  packages = ["."]
  revision = "c2b33e84"

[solve-meta]
  analyzer-name = "dep"
  analyzer-version = 1
  inputs-digest = "05d0070fca6ba3e96cede6091456c35845764bae2d78d9661d1cd41f8f2a5f16"
  solver-name = "gps-cdcl"
  solver-version = 1
